
Microsoft Visual Studio Solution File, Format Version 12.00
# Visual Studio 15
VisualStudioVersion = 15.0.28010.2026
MinimumVisualStudioVersion = 10.0.40219.1
Project("{FAE04EC0-301F-11D3-BF4B-00C04F79EFBC}") = "OnlineHull", "OnlineHull\OnlineHull.csproj", "{AA75120C-F753-434C-BF55-DA45F1E8B506}"
EndProject
Global
	GlobalSection(SolutionConfigurationPlatforms) = preSolution
		Debug|Any CPU = Debug|Any CPU
		Release|Any CPU = Release|Any CPU
	EndGlobalSection
	GlobalSection(ProjectConfigurationPlatforms) = postSolution
		{AA75120C-F753-434C-BF55-DA45F1E8B506}.Debug|Any CPU.ActiveCfg = Debug|Any CPU
		{AA75120C-F753-434C-BF55-DA45F1E8B506}.Debug|Any CPU.Build.0 = Debug|Any CPU
		{AA75120C-F753-434C-BF55-DA45F1E8B506}.Release|Any CPU.ActiveCfg = Release|Any CPU
		{AA75120C-F753-434C-BF55-DA45F1E8B506}.Release|Any CPU.Build.0 = Release|Any CPU
	EndGlobalSection
	GlobalSection(SolutionProperties) = preSolution
		HideSolutionNode = FALSE
	EndGlobalSection
	GlobalSection(ExtensibilityGlobals) = postSolution
		SolutionGuid = {2CBE0F26-7406-4F41-A7CC-3DDD1C3465FE}
	EndGlobalSection
EndGlobal
